
Microsoft Visual Studio Solution File, Format Version 12.00
# Visual Studio 14
VisualStudioVersion = 14.0.22310.1
MinimumVisualStudioVersion = 10.0.40219.1
Project("{FAE04EC0-301F-11D3-BF4B-00C04F79EFBC}") = "ProgrammingExercise1", "ProgrammingExercise1\ProgrammingExercise1.csproj", "{BFDBC2B8-4307-4BE9-AF89-FCA4A8E2F4D5}"
EndProject
Project("{FAE04EC0-301F-11D3-BF4B-00C04F79EFBC}") = "ProgrammingExercise2", "ProgrammingExercise2\ProgrammingExercise2.csproj", "{BD14D062-1AC6-4718-B4B7-6ECF1204FCEE}"
EndProject
Project("{FAE04EC0-301F-11D3-BF4B-00C04F79EFBC}") = "Lab1", "Lab1\Lab1.csproj", "{0D09A8CA-3EA6-4248-95D3-4153993C9272}"
EndProject
Global
	GlobalSection(SolutionConfigurationPlatforms) = preSolution
		Debug|Any CPU = Debug|Any CPU
		Release|Any CPU = Release|Any CPU
	EndGlobalSection
	GlobalSection(ProjectConfigurationPlatforms) = postSolution
		{BFDBC2B8-4307-4BE9-AF89-FCA4A8E2F4D5}.Debug|Any CPU.ActiveCfg = Debug|Any CPU
		{BFDBC2B8-4307-4BE9-AF89-FCA4A8E2F4D5}.Debug|Any CPU.Build.0 = Debug|Any CPU
		{BFDBC2B8-4307-4BE9-AF89-FCA4A8E2F4D5}.Release|Any CPU.ActiveCfg = Release|Any CPU
		{BFDBC2B8-4307-4BE9-AF89-FCA4A8E2F4D5}.Release|Any CPU.Build.0 = Release|Any CPU
		{BD14D062-1AC6-4718-B4B7-6ECF1204FCEE}.Debug|Any CPU.ActiveCfg = Debug|Any CPU
		{BD14D062-1AC6-4718-B4B7-6ECF1204FCEE}.Debug|Any CPU.Build.0 = Debug|Any CPU
		{BD14D062-1AC6-4718-B4B7-6ECF1204FCEE}.Release|Any CPU.ActiveCfg = Release|Any CPU
		{BD14D062-1AC6-4718-B4B7-6ECF1204FCEE}.Release|Any CPU.Build.0 = Release|Any CPU
		{0D09A8CA-3EA6-4248-95D3-4153993C9272}.Debug|Any CPU.ActiveCfg = Debug|Any CPU
		{0D09A8CA-3EA6-4248-95D3-4153993C9272}.Debug|Any CPU.Build.0 = Debug|Any CPU
		{0D09A8CA-3EA6-4248-95D3-4153993C9272}.Release|Any CPU.ActiveCfg = Release|Any CPU
		{0D09A8CA-3EA6-4248-95D3-4153993C9272}.Release|Any CPU.Build.0 = Release|Any CPU
	EndGlobalSection
	GlobalSection(SolutionProperties) = preSolution
		HideSolutionNode = FALSE
	EndGlobalSection
EndGlobal
